
Microsoft Visual Studio Solution File, Format Version 12.00
# Visual Studio 2017
Project("{FAE04EC0-301F-11D3-BF4B-00C04F79EFBC}") = "Random Platformer", "Random Platformer.csproj", "{D98822D1-C912-0F14-15FB-7A28021CAECA}"
EndProject
Project("{FAE04EC0-301F-11D3-BF4B-00C04F79EFBC}") = "Random Platformer.Editor", "Random Platformer.Editor.csproj", "{2D256B64-692C-D835-B115-B3E0165C23FB}"
EndProject
Global
	GlobalSection(SolutionConfigurationPlatforms) = preSolution
		Debug|Any CPU = Debug|Any CPU
		Release|Any CPU = Release|Any CPU
	EndGlobalSection
	GlobalSection(ProjectConfigurationPlatforms) = postSolution
		{D98822D1-C912-0F14-15FB-7A28021CAECA}.Debug|Any CPU.ActiveCfg = Debug|Any CPU
		{D98822D1-C912-0F14-15FB-7A28021CAECA}.Debug|Any CPU.Build.0 = Debug|Any CPU
		{D98822D1-C912-0F14-15FB-7A28021CAECA}.Release|Any CPU.ActiveCfg = Release|Any CPU
		{D98822D1-C912-0F14-15FB-7A28021CAECA}.Release|Any CPU.Build.0 = Release|Any CPU
		{2D256B64-692C-D835-B115-B3E0165C23FB}.Debug|Any CPU.ActiveCfg = Debug|Any CPU
		{2D256B64-692C-D835-B115-B3E0165C23FB}.Debug|Any CPU.Build.0 = Debug|Any CPU
		{2D256B64-692C-D835-B115-B3E0165C23FB}.Release|Any CPU.ActiveCfg = Release|Any CPU
		{2D256B64-692C-D835-B115-B3E0165C23FB}.Release|Any CPU.Build.0 = Release|Any CPU
	EndGlobalSection
	GlobalSection(SolutionProperties) = preSolution
		HideSolutionNode = FALSE
	EndGlobalSection
EndGlobal
